// !$*UTF8*$!
{
	archiveVersion = 1;
	classes = {
	};
	objectVersion = 50;
	objects = {

/* Begin PBXBuildFile section */
		F1106F69226DA3B0002B0E26 /* vertexShader.vsh in Resources */ = {isa = PBXBuildFile; fileRef = F1106F68226DA3B0002B0E26 /* vertexShader.vsh */; };
		F1106F6B226DA3C4002B0E26 /* fragmentShader.fsh in Resources */ = {isa = PBXBuildFile; fileRef = F1106F6A226DA3C4002B0E26 /* fragmentShader.fsh */; };
		F1106F6E226EA367002B0E26 /* beetle.png in Resources */ = {isa = PBXBuildFile; fileRef = F1106F6D226EA367002B0E26 /* beetle.png */; };
		F1106F70226EA36E002B0E26 /* leaves.gif in Resources */ = {isa = PBXBuildFile; fileRef = F1106F6F226EA36E002B0E26 /* leaves.gif */; };
		F1106F72226EA657002B0E26 /* ImageResize.swift in Sources */ = {isa = PBXBuildFile; fileRef = F1106F71226EA657002B0E26 /* ImageResize.swift */; };
		F1C3B934226C5286005D8BC0 /* AppDelegate.swift in Sources */ = {isa = PBXBuildFile; fileRef = F1C3B933226C5286005D8BC0 /* AppDelegate.swift */; };
		F1C3B936226C5286005D8BC0 /* ViewController.swift in Sources */ = {isa = PBXBuildFile; fileRef = F1C3B935226C5286005D8BC0 /* ViewController.swift */; };
		F1C3B939226C5286005D8BC0 /* Main.storyboard in Resources */ = {isa = PBXBuildFile; fileRef = F1C3B937226C5286005D8BC0 /* Main.storyboard */; };
		F1C3B93B226C5288005D8BC0 /* Assets.xcassets in Resources */ = {isa = PBXBuildFile; fileRef = F1C3B93A226C5288005D8BC0 /* Assets.xcassets */; };
		F1C3B93E226C5288005D8BC0 /* LaunchScreen.storyboard in Resources */ = {isa = PBXBuildFile; fileRef = F1C3B93C226C5288005D8BC0 /* LaunchScreen.storyboard */; };
		F1C3B949226C5289005D8BC0 /* MYOpenGLDemo02Tests.swift in Sources */ = {isa = PBXBuildFile; fileRef = F1C3B948226C5289005D8BC0 /* MYOpenGLDemo02Tests.swift */; };
		F1C3B954226C5289005D8BC0 /* MYOpenGLDemo02UITests.swift in Sources */ = {isa = PBXBuildFile; fileRef = F1C3B953226C5289005D8BC0 /* MYOpenGLDemo02UITests.swift */; };
		F1C3B962226C53E5005D8BC0 /* MYOpneGLView.swift in Sources */ = {isa = PBXBuildFile; fileRef = F1C3B961226C53E5005D8BC0 /* MYOpneGLView.swift */; };
		F1C3B964226C5516005D8BC0 /* Vertex.swift in Sources */ = {isa = PBXBuildFile; fileRef = F1C3B963226C5516005D8BC0 /* Vertex.swift */; };
/* End PBXBuildFile section */

/* Begin PBXContainerItemProxy section */
		F1C3B945226C5289005D8BC0 /* PBXContainerItemProxy */ = {
			isa = PBXContainerItemProxy;
			containerPortal = F1C3B928226C5285005D8BC0 /* Project object */;
			proxyType = 1;
			remoteGlobalIDString = F1C3B92F226C5286005D8BC0;
			remoteInfo = MYOpenGLDemo02;
		};
		F1C3B950226C5289005D8BC0 /* PBXContainerItemProxy */ = {
			isa = PBXContainerItemProxy;
			containerPortal = F1C3B928226C5285005D8BC0 /* Project object */;
			proxyType = 1;
			remoteGlobalIDString = F1C3B92F226C5286005D8BC0;
			remoteInfo = MYOpenGLDemo02;
		};
/* End PBXContainerItemProxy section */

/* Begin PBXFileReference section */
		F1106F68226DA3B0002B0E26 /* vertexShader.vsh */ = {isa = PBXFileReference; lastKnownFileType = sourcecode.glsl; path = vertexShader.vsh; sourceTree = "<group>"; };
		F1106F6A226DA3C4002B0E26 /* fragmentShader.fsh */ = {isa = PBXFileReference; lastKnownFileType = sourcecode.glsl; path = fragmentShader.fsh; sourceTree = "<group>"; };
		F1106F6D226EA367002B0E26 /* beetle.png */ = {isa = PBXFileReference; lastKnownFileType = image.png; name = beetle.png; path = "../../../../Downloads/Code/Learning-OpenGL-ES-for-iOS-master/Resources/beetle.png"; sourceTree = "<group>"; };
		F1106F6F226EA36E002B0E26 /* leaves.gif */ = {isa = PBXFileReference; lastKnownFileType = image.gif; name = leaves.gif; path = "../../../../Downloads/Code/Learning-OpenGL-ES-for-iOS-master/Resources/leaves.gif"; sourceTree = "<group>"; };
		F1106F71226EA657002B0E26 /* ImageResize.swift */ = {isa = PBXFileReference; lastKnownFileType = sourcecode.swift; path = ImageResize.swift; sourceTree = "<group>"; };
		F1C3B930226C5286005D8BC0 /* MYOpenGLDemo02.app */ = {isa = PBXFileReference; explicitFileType = wrapper.application; includeInIndex = 0; path = MYOpenGLDemo02.app; sourceTree = BUILT_PRODUCTS_DIR; };
		F1C3B933226C5286005D8BC0 /* AppDelegate.swift */ = {isa = PBXFileReference; lastKnownFileType = sourcecode.swift; path = AppDelegate.swift; sourceTree = "<group>"; };
		F1C3B935226C5286005D8BC0 /* ViewController.swift */ = {isa = PBXFileReference; lastKnownFileType = sourcecode.swift; path = ViewController.swift; sourceTree = "<group>"; };
		F1C3B938226C5286005D8BC0 /* Base */ = {isa = PBXFileReference; lastKnownFileType = file.storyboard; name = Base; path = Base.lproj/Main.storyboard; sourceTree = "<group>"; };
		F1C3B93A226C5288005D8BC0 /* Assets.xcassets */ = {isa = PBXFileReference; lastKnownFileType = folder.assetcatalog; path = Assets.xcassets; sourceTree = "<group>"; };
		F1C3B93D226C5288005D8BC0 /* Base */ = {isa = PBXFileReference; lastKnownFileType = file.storyboard; name = Base; path = Base.lproj/LaunchScreen.storyboard; sourceTree = "<group>"; };
		F1C3B93F226C5288005D8BC0 /* Info.plist */ = {isa = PBXFileReference; lastKnownFileType = text.plist.xml; path = Info.plist; sourceTree = "<group>"; };
		F1C3B944226C5289005D8BC0 /* MYOpenGLDemo02Tests.xctest */ = {isa = PBXFileReference; explicitFileType = wrapper.cfbundle; includeInIndex = 0; path = MYOpenGLDemo02Tests.xctest; sourceTree = BUILT_PRODUCTS_DIR; };
		F1C3B948226C5289005D8BC0 /* MYOpenGLDemo02Tests.swift */ = {isa = PBXFileReference; lastKnownFileType = sourcecode.swift; path = MYOpenGLDemo02Tests.swift; sourceTree = "<group>"; };
		F1C3B94A226C5289005D8BC0 /* Info.plist */ = {isa = PBXFileReference; lastKnownFileType = text.plist.xml; path = Info.plist; sourceTree = "<group>"; };
		F1C3B94F226C5289005D8BC0 /* MYOpenGLDemo02UITests.xctest */ = {isa = PBXFileReference; explicitFileType = wrapper.cfbundle; includeInIndex = 0; path = MYOpenGLDemo02UITests.xctest; sourceTree = BUILT_PRODUCTS_DIR; };
		F1C3B953226C5289005D8BC0 /* MYOpenGLDemo02UITests.swift */ = {isa = PBXFileReference; lastKnownFileType = sourcecode.swift; path = MYOpenGLDemo02UITests.swift; sourceTree = "<group>"; };
		F1C3B955226C5289005D8BC0 /* Info.plist */ = {isa = PBXFileReference; lastKnownFileType = text.plist.xml; path = Info.plist; sourceTree = "<group>"; };
		F1C3B961226C53E5005D8BC0 /* MYOpneGLView.swift */ = {isa = PBXFileReference; lastKnownFileType = sourcecode.swift; path = MYOpneGLView.swift; sourceTree = "<group>"; };
		F1C3B963226C5516005D8BC0 /* Vertex.swift */ = {isa = PBXFileReference; lastKnownFileType = sourcecode.swift; path = Vertex.swift; sourceTree = "<group>"; };
/* End PBXFileReference section */

/* Begin PBXFrameworksBuildPhase section */
		F1C3B92D226C5286005D8BC0 /* Frameworks */ = {
			isa = PBXFrameworksBuildPhase;
			buildActionMask = 2147483647;
			files = (
			);
			runOnlyForDeploymentPostprocessing = 0;
		};
		F1C3B941226C5289005D8BC0 /* Frameworks */ = {
			isa = PBXFrameworksBuildPhase;
			buildActionMask = 2147483647;
			files = (
			);
			runOnlyForDeploymentPostprocessing = 0;
		};
		F1C3B94C226C5289005D8BC0 /* Frameworks */ = {
			isa = PBXFrameworksBuildPhase;
			buildActionMask = 2147483647;
			files = (
			);
			runOnlyForDeploymentPostprocessing = 0;
		};
/* End PBXFrameworksBuildPhase section */

/* Begin PBXGroup section */
		F1106F67226DA390002B0E26 /* Shader */ = {
			isa = PBXGroup;
			children = (
				F1106F68226DA3B0002B0E26 /* vertexShader.vsh */,
				F1106F6A226DA3C4002B0E26 /* fragmentShader.fsh */,
			);
			path = Shader;
			sourceTree = "<group>";
		};
		F1106F6C226E9D40002B0E26 /* Supporting Files */ = {
			isa = PBXGroup;
			children = (
				F1106F6D226EA367002B0E26 /* beetle.png */,
				F1106F6F226EA36E002B0E26 /* leaves.gif */,
			);
			path = "Supporting Files";
			sourceTree = "<group>";
		};
		F1C3B927226C5285005D8BC0 = {
			isa = PBXGroup;
			children = (
				F1C3B932226C5286005D8BC0 /* MYOpenGLDemo02 */,
				F1C3B947226C5289005D8BC0 /* MYOpenGLDemo02Tests */,
				F1C3B952226C5289005D8BC0 /* MYOpenGLDemo02UITests */,
				F1C3B931226C5286005D8BC0 /* Products */,
			);
			sourceTree = "<group>";
		};
		F1C3B931226C5286005D8BC0 /* Products */ = {
			isa = PBXGroup;
			children = (
				F1C3B930226C5286005D8BC0 /* MYOpenGLDemo02.app */,
				F1C3B944226C5289005D8BC0 /* MYOpenGLDemo02Tests.xctest */,
				F1C3B94F226C5289005D8BC0 /* MYOpenGLDemo02UITests.xctest */,
			);
			name = Products;
			sourceTree = "<group>";
		};
		F1C3B932226C5286005D8BC0 /* MYOpenGLDemo02 */ = {
			isa = PBXGroup;
			children = (
				F1106F6C226E9D40002B0E26 /* Supporting Files */,
				F1106F67226DA390002B0E26 /* Shader */,
				F1C3B933226C5286005D8BC0 /* AppDelegate.swift */,
				F1C3B935226C5286005D8BC0 /* ViewController.swift */,
				F1C3B961226C53E5005D8BC0 /* MYOpneGLView.swift */,
				F1C3B963226C5516005D8BC0 /* Vertex.swift */,
				F1106F71226EA657002B0E26 /* ImageResize.swift */,
				F1C3B937226C5286005D8BC0 /* Main.storyboard */,
				F1C3B93A226C5288005D8BC0 /* Assets.xcassets */,
				F1C3B93C226C5288005D8BC0 /* LaunchScreen.storyboard */,
				F1C3B93F226C5288005D8BC0 /* Info.plist */,
			);
			path = MYOpenGLDemo02;
			sourceTree = "<group>";
		};
		F1C3B947226C5289005D8BC0 /* MYOpenGLDemo02Tests */ = {
			isa = PBXGroup;
			children = (
				F1C3B948226C5289005D8BC0 /* MYOpenGLDemo02Tests.swift */,
				F1C3B94A226C5289005D8BC0 /* Info.plist */,
			);
			path = MYOpenGLDemo02Tests;
			sourceTree = "<group>";
		};
		F1C3B952226C5289005D8BC0 /* MYOpenGLDemo02UITests */ = {
			isa = PBXGroup;
			children = (
				F1C3B953226C5289005D8BC0 /* MYOpenGLDemo02UITests.swift */,
				F1C3B955226C5289005D8BC0 /* Info.plist */,
			);
			path = MYOpenGLDemo02UITests;
			sourceTree = "<group>";
		};
/* End PBXGroup section */

/* Begin PBXNativeTarget section */
		F1C3B92F226C5286005D8BC0 /* MYOpenGLDemo02 */ = {
			isa = PBXNativeTarget;
			buildConfigurationList = F1C3B958226C5289005D8BC0 /* Build configuration list for PBXNativeTarget "MYOpenGLDemo02" */;
			buildPhases = (
				F1C3B92C226C5286005D8BC0 /* Sources */,
				F1C3B92D226C5286005D8BC0 /* Frameworks */,
				F1C3B92E226C5286005D8BC0 /* Resources */,
			);
			buildRules = (
			);
			dependencies = (
			);
			name = MYOpenGLDemo02;
			productName = MYOpenGLDemo02;
			productReference = F1C3B930226C5286005D8BC0 /* MYOpenGLDemo02.app */;
			productType = "com.apple.product-type.application";
		};
		F1C3B943226C5289005D8BC0 /* MYOpenGLDemo02Tests */ = {
			isa = PBXNativeTarget;
			buildConfigurationList = F1C3B95B226C5289005D8BC0 /* Build configuration list for PBXNativeTarget "MYOpenGLDemo02Tests" */;
			buildPhases = (
				F1C3B940226C5289005D8BC0 /* Sources */,
				F1C3B941226C5289005D8BC0 /* Frameworks */,
				F1C3B942226C5289005D8BC0 /* Resources */,
			);
			buildRules = (
			);
			dependencies = (
				F1C3B946226C5289005D8BC0 /* PBXTargetDependency */,
			);
			name = MYOpenGLDemo02Tests;
			productName = MYOpenGLDemo02Tests;
			productReference = F1C3B944226C5289005D8BC0 /* MYOpenGLDemo02Tests.xctest */;
			productType = "com.apple.product-type.bundle.unit-test";
		};
		F1C3B94E226C5289005D8BC0 /* MYOpenGLDemo02UITests */ = {
			isa = PBXNativeTarget;
			buildConfigurationList = F1C3B95E226C5289005D8BC0 /* Build configuration list for PBXNativeTarget "MYOpenGLDemo02UITests" */;
			buildPhases = (
				F1C3B94B226C5289005D8BC0 /* Sources */,
				F1C3B94C226C5289005D8BC0 /* Frameworks */,
				F1C3B94D226C5289005D8BC0 /* Resources */,
			);
			buildRules = (
			);
			dependencies = (
				F1C3B951226C5289005D8BC0 /* PBXTargetDependency */,
			);
			name = MYOpenGLDemo02UITests;
			productName = MYOpenGLDemo02UITests;
			productReference = F1C3B94F226C5289005D8BC0 /* MYOpenGLDemo02UITests.xctest */;
			productType = "com.apple.product-type.bundle.ui-testing";
		};
/* End PBXNativeTarget section */

/* Begin PBXProject section */
		F1C3B928226C5285005D8BC0 /* Project object */ = {
			isa = PBXProject;
			attributes = {
				LastSwiftUpdateCheck = 1010;
				LastUpgradeCheck = 1010;
				ORGANIZATIONNAME = Carol;
				TargetAttributes = {
					F1C3B92F226C5286005D8BC0 = {
						CreatedOnToolsVersion = 10.1;
					};
					F1C3B943226C5289005D8BC0 = {
						CreatedOnToolsVersion = 10.1;
						TestTargetID = F1C3B92F226C5286005D8BC0;
					};
					F1C3B94E226C5289005D8BC0 = {
						CreatedOnToolsVersion = 10.1;
						TestTargetID = F1C3B92F226C5286005D8BC0;
					};
				};
			};
			buildConfigurationList = F1C3B92B226C5285005D8BC0 /* Build configuration list for PBXProject "MYOpenGLDemo02" */;
			compatibilityVersion = "Xcode 9.3";
			developmentRegion = en;
			hasScannedForEncodings = 0;
			knownRegions = (
				en,
				Base,
			);
			mainGroup = F1C3B927226C5285005D8BC0;
			productRefGroup = F1C3B931226C5286005D8BC0 /* Products */;
			projectDirPath = "";
			projectRoot = "";
			targets = (
				F1C3B92F226C5286005D8BC0 /* MYOpenGLDemo02 */,
				F1C3B943226C5289005D8BC0 /* MYOpenGLDemo02Tests */,
				F1C3B94E226C5289005D8BC0 /* MYOpenGLDemo02UITests */,
			);
		};
/* End PBXProject section */

/* Begin PBXResourcesBuildPhase section */
		F1C3B92E226C5286005D8BC0 /* Resources */ = {
			isa = PBXResourcesBuildPhase;
			buildActionMask = 2147483647;
			files = (
				F1106F6E226EA367002B0E26 /* beetle.png in Resources */,
				F1106F69226DA3B0002B0E26 /* vertexShader.vsh in Resources */,
				F1106F6B226DA3C4002B0E26 /* fragmentShader.fsh in Resources */,
				F1106F70226EA36E002B0E26 /* leaves.gif in Resources */,
				F1C3B93E226C5288005D8BC0 /* LaunchScreen.storyboard in Resources */,
				F1C3B93B226C5288005D8BC0 /* Assets.xcassets in Resources */,
				F1C3B939226C5286005D8BC0 /* Main.storyboard in Resources */,
			);
			runOnlyForDeploymentPostprocessing = 0;
		};
		F1C3B942226C5289005D8BC0 /* Resources */ = {
			isa = PBXResourcesBuildPhase;
			buildActionMask = 2147483647;
			files = (
			);
			runOnlyForDeploymentPostprocessing = 0;
		};
		F1C3B94D226C5289005D8BC0 /* Resources */ = {
			isa = PBXResourcesBuildPhase;
			buildActionMask = 2147483647;
			files = (
			);
			runOnlyForDeploymentPostprocessing = 0;
		};
/* End PBXResourcesBuildPhase section */

/* Begin PBXSourcesBuildPhase section */
		F1C3B92C226C5286005D8BC0 /* Sources */ = {
			isa = PBXSourcesBuildPhase;
			buildActionMask = 2147483647;
			files = (
				F1106F72226EA657002B0E26 /* ImageResize.swift in Sources */,
				F1C3B936226C5286005D8BC0 /* ViewController.swift in Sources */,
				F1C3B964226C5516005D8BC0 /* Vertex.swift in Sources */,
				F1C3B934226C5286005D8BC0 /* AppDelegate.swift in Sources */,
				F1C3B962226C53E5005D8BC0 /* MYOpneGLView.swift in Sources */,
			);
			runOnlyForDeploymentPostprocessing = 0;
		};
		F1C3B940226C5289005D8BC0 /* Sources */ = {
			isa = PBXSourcesBuildPhase;
			buildActionMask = 2147483647;
			files = (
				F1C3B949226C5289005D8BC0 /* MYOpenGLDemo02Tests.swift in Sources */,
			);
			runOnlyForDeploymentPostprocessing = 0;
		};
		F1C3B94B226C5289005D8BC0 /* Sources */ = {
			isa = PBXSourcesBuildPhase;
			buildActionMask = 2147483647;
			files = (
				F1C3B954226C5289005D8BC0 /* MYOpenGLDemo02UITests.swift in Sources */,
			);
			runOnlyForDeploymentPostprocessing = 0;
		};
/* End PBXSourcesBuildPhase section */

/* Begin PBXTargetDependency section */
		F1C3B946226C5289005D8BC0 /* PBXTargetDependency */ = {
			isa = PBXTargetDependency;
			target = F1C3B92F226C5286005D8BC0 /* MYOpenGLDemo02 */;
			targetProxy = F1C3B945226C5289005D8BC0 /* PBXContainerItemProxy */;
		};
		F1C3B951226C5289005D8BC0 /* PBXTargetDependency */ = {
			isa = PBXTargetDependency;
			target = F1C3B92F226C5286005D8BC0 /* MYOpenGLDemo02 */;
			targetProxy = F1C3B950226C5289005D8BC0 /* PBXContainerItemProxy */;
		};
/* End PBXTargetDependency section */

/* Begin PBXVariantGroup section */
		F1C3B937226C5286005D8BC0 /* Main.storyboard */ = {
			isa = PBXVariantGroup;
			children = (
				F1C3B938226C5286005D8BC0 /* Base */,
			);
			name = Main.storyboard;
			sourceTree = "<group>";
		};
		F1C3B93C226C5288005D8BC0 /* LaunchScreen.storyboard */ = {
			isa = PBXVariantGroup;
			children = (
				F1C3B93D226C5288005D8BC0 /* Base */,
			);
			name = LaunchScreen.storyboard;
			sourceTree = "<group>";
		};
/* End PBXVariantGroup section */

/* Begin XCBuildConfiguration section */
		F1C3B956226C5289005D8BC0 /* Debug */ = {
			isa = XCBuildConfiguration;
			buildSettings = {
				ALWAYS_SEARCH_USER_PATHS = NO;
				CLANG_ANALYZER_NONNULL = YES;
				CLANG_ANALYZER_NUMBER_OBJECT_CONVERSION = YES_AGGRESSIVE;
				CLANG_CXX_LANGUAGE_STANDARD = "gnu++14";
				CLANG_CXX_LIBRARY = "libc++";
				CLANG_ENABLE_MODULES = YES;
				CLANG_ENABLE_OBJC_ARC = YES;
				CLANG_ENABLE_OBJC_WEAK = YES;
				CLANG_WARN_BLOCK_CAPTURE_AUTORELEASING = YES;
				CLANG_WARN_BOOL_CONVERSION = YES;
				CLANG_WARN_COMMA = YES;
				CLANG_WARN_CONSTANT_CONVERSION = YES;
				CLANG_WARN_DEPRECATED_OBJC_IMPLEMENTATIONS = YES;
				CLANG_WARN_DIRECT_OBJC_ISA_USAGE = YES_ERROR;
				CLANG_WARN_DOCUMENTATION_COMMENTS = YES;
				CLANG_WARN_EMPTY_BODY = YES;
				CLANG_WARN_ENUM_CONVERSION = YES;
				CLANG_WARN_INFINITE_RECURSION = YES;
				CLANG_WARN_INT_CONVERSION = YES;
				CLANG_WARN_NON_LITERAL_NULL_CONVERSION = YES;
				CLANG_WARN_OBJC_IMPLICIT_RETAIN_SELF = YES;
				CLANG_WARN_OBJC_LITERAL_CONVERSION = YES;
				CLANG_WARN_OBJC_ROOT_CLASS = YES_ERROR;
				CLANG_WARN_RANGE_LOOP_ANALYSIS = YES;
				CLANG_WARN_STRICT_PROTOTYPES = YES;
				CLANG_WARN_SUSPICIOUS_MOVE = YES;
				CLANG_WARN_UNGUARDED_AVAILABILITY = YES_AGGRESSIVE;
				CLANG_WARN_UNREACHABLE_CODE = YES;
				CLANG_WARN__DUPLICATE_METHOD_MATCH = YES;
				CODE_SIGN_IDENTITY = "iPhone Developer";
				COPY_PHASE_STRIP = NO;
				DEBUG_INFORMATION_FORMAT = dwarf;
				ENABLE_STRICT_OBJC_MSGSEND = YES;
				ENABLE_TESTABILITY = YES;
				GCC_C_LANGUAGE_STANDARD = gnu11;
				GCC_DYNAMIC_NO_PIC = NO;
				GCC_NO_COMMON_BLOCKS = YES;
				GCC_OPTIMIZATION_LEVEL = 0;
				GCC_PREPROCESSOR_DEFINITIONS = (
					"DEBUG=1",
					"$(inherited)",
				);
				GCC_WARN_64_TO_32_BIT_CONVERSION = YES;
				GCC_WARN_ABOUT_RETURN_TYPE = YES_ERROR;
				GCC_WARN_UNDECLARED_SELECTOR = YES;
				GCC_WARN_UNINITIALIZED_AUTOS = YES_AGGRESSIVE;
				GCC_WARN_UNUSED_FUNCTION = YES;
				GCC_WARN_UNUSED_VARIABLE = YES;
				IPHONEOS_DEPLOYMENT_TARGET = 12.1;
				MTL_ENABLE_DEBUG_INFO = INCLUDE_SOURCE;
				MTL_FAST_MATH = YES;
				ONLY_ACTIVE_ARCH = YES;
				SDKROOT = iphoneos;
				SWIFT_ACTIVE_COMPILATION_CONDITIONS = DEBUG;
				SWIFT_OPTIMIZATION_LEVEL = "-Onone";
			};
			name = Debug;
		};
		F1C3B957226C5289005D8BC0 /* Release */ = {
			isa = XCBuildConfiguration;
			buildSettings = {
				ALWAYS_SEARCH_USER_PATHS = NO;
				CLANG_ANALYZER_NONNULL = YES;
				CLANG_ANALYZER_NUMBER_OBJECT_CONVERSION = YES_AGGRESSIVE;
				CLANG_CXX_LANGUAGE_STANDARD = "gnu++14";
				CLANG_CXX_LIBRARY = "libc++";
				CLANG_ENABLE_MODULES = YES;
				CLANG_ENABLE_OBJC_ARC = YES;
				CLANG_ENABLE_OBJC_WEAK = YES;
				CLANG_WARN_BLOCK_CAPTURE_AUTORELEASING = YES;
				CLANG_WARN_BOOL_CONVERSION = YES;
				CLANG_WARN_COMMA = YES;
				CLANG_WARN_CONSTANT_CONVERSION = YES;
				CLANG_WARN_DEPRECATED_OBJC_IMPLEMENTATIONS = YES;
				CLANG_WARN_DIRECT_OBJC_ISA_USAGE = YES_ERROR;
				CLANG_WARN_DOCUMENTATION_COMMENTS = YES;
				CLANG_WARN_EMPTY_BODY = YES;
				CLANG_WARN_ENUM_CONVERSION = YES;
				CLANG_WARN_INFINITE_RECURSION = YES;
				CLANG_WARN_INT_CONVERSION = YES;
				CLANG_WARN_NON_LITERAL_NULL_CONVERSION = YES;
				CLANG_WARN_OBJC_IMPLICIT_RETAIN_SELF = YES;
				CLANG_WARN_OBJC_LITERAL_CONVERSION = YES;
				CLANG_WARN_OBJC_ROOT_CLASS = YES_ERROR;
				CLANG_WARN_RANGE_LOOP_ANALYSIS = YES;
				CLANG_WARN_STRICT_PROTOTYPES = YES;
				CLANG_WARN_SUSPICIOUS_MOVE = YES;
				CLANG_WARN_UNGUARDED_AVAILABILITY = YES_AGGRESSIVE;
				CLANG_WARN_UNREACHABLE_CODE = YES;
				CLANG_WARN__DUPLICATE_METHOD_MATCH = YES;
				CODE_SIGN_IDENTITY = "iPhone Developer";
				COPY_PHASE_STRIP = NO;
				DEBUG_INFORMATION_FORMAT = "dwarf-with-dsym";
				ENABLE_NS_ASSERTIONS = NO;
				ENABLE_STRICT_OBJC_MSGSEND = YES;
				GCC_C_LANGUAGE_STANDARD = gnu11;
				GCC_NO_COMMON_BLOCKS = YES;
				GCC_WARN_64_TO_32_BIT_CONVERSION = YES;
				GCC_WARN_ABOUT_RETURN_TYPE = YES_ERROR;
				GCC_WARN_UNDECLARED_SELECTOR = YES;
				GCC_WARN_UNINITIALIZED_AUTOS = YES_AGGRESSIVE;
				GCC_WARN_UNUSED_FUNCTION = YES;
				GCC_WARN_UNUSED_VARIABLE = YES;
				IPHONEOS_DEPLOYMENT_TARGET = 12.1;
				MTL_ENABLE_DEBUG_INFO = NO;
				MTL_FAST_MATH = YES;
				SDKROOT = iphoneos;
				SWIFT_COMPILATION_MODE = wholemodule;
				SWIFT_OPTIMIZATION_LEVEL = "-O";
				VALIDATE_PRODUCT = YES;
			};
			name = Release;
		};
		F1C3B959226C5289005D8BC0 /* Debug */ = {
			isa = XCBuildConfiguration;
			buildSettings = {
				ASSETCATALOG_COMPILER_APPICON_NAME = AppIcon;
				CODE_SIGN_STYLE = Automatic;
				DEVELOPMENT_TEAM = LHHY239973;
				GCC_WARN_ABOUT_DEPRECATED_FUNCTIONS = YES;
				INFOPLIST_FILE = MYOpenGLDemo02/Info.plist;
				LD_RUNPATH_SEARCH_PATHS = (
					"$(inherited)",
					"@executable_path/Frameworks",
				);
				PRODUCT_BUNDLE_IDENTIFIER = CA.LightFreq;
				PRODUCT_NAME = "$(TARGET_NAME)";
				SWIFT_VERSION = 4.2;
				TARGETED_DEVICE_FAMILY = "1,2";
			};
			name = Debug;
		};
		F1C3B95A226C5289005D8BC0 /* Release */ = {
			isa = XCBuildConfiguration;
			buildSettings = {
				ASSETCATALOG_COMPILER_APPICON_NAME = AppIcon;
				CODE_SIGN_STYLE = Automatic;
				DEVELOPMENT_TEAM = LHHY239973;
				GCC_WARN_ABOUT_DEPRECATED_FUNCTIONS = YES;
				INFOPLIST_FILE = MYOpenGLDemo02/Info.plist;
				LD_RUNPATH_SEARCH_PATHS = (
					"$(inherited)",
					"@executable_path/Frameworks",
				);
				PRODUCT_BUNDLE_IDENTIFIER = CA.LightFreq;
				PRODUCT_NAME = "$(TARGET_NAME)";
				SWIFT_VERSION = 4.2;
				TARGETED_DEVICE_FAMILY = "1,2";
			};
			name = Release;
		};
		F1C3B95C226C5289005D8BC0 /* Debug */ = {
			isa = XCBuildConfiguration;
			buildSettings = {
				ALWAYS_EMBED_SWIFT_STANDARD_LIBRARIES = YES;
				BUNDLE_LOADER = "$(TEST_HOST)";
				CODE_SIGN_STYLE = Automatic;
				DEVELOPMENT_TEAM = LHHY239973;
				INFOPLIST_FILE = MYOpenGLDemo02Tests/Info.plist;
				LD_RUNPATH_SEARCH_PATHS = (
					"$(inherited)",
					"@executable_path/Frameworks",
					"@loader_path/Frameworks",
				);
				PRODUCT_BUNDLE_IDENTIFIER = CA.MYOpenGLDemo02Tests;
				PRODUCT_NAME = "$(TARGET_NAME)";
				SWIFT_VERSION = 4.2;
				TARGETED_DEVICE_FAMILY = "1,2";
				TEST_HOST = "$(BUILT_PRODUCTS_DIR)/MYOpenGLDemo02.app/MYOpenGLDemo02";
			};
			name = Debug;
		};
		F1C3B95D226C5289005D8BC0 /* Release */ = {
			isa = XCBuildConfiguration;
			buildSettings = {
				ALWAYS_EMBED_SWIFT_STANDARD_LIBRARIES = YES;
				BUNDLE_LOADER = "$(TEST_HOST)";
				CODE_SIGN_STYLE = Automatic;
				DEVELOPMENT_TEAM = LHHY239973;
				INFOPLIST_FILE = MYOpenGLDemo02Tests/Info.plist;
				LD_RUNPATH_SEARCH_PATHS = (
					"$(inherited)",
					"@executable_path/Frameworks",
					"@loader_path/Frameworks",
				);
				PRODUCT_BUNDLE_IDENTIFIER = CA.MYOpenGLDemo02Tests;
				PRODUCT_NAME = "$(TARGET_NAME)";
				SWIFT_VERSION = 4.2;
				TARGETED_DEVICE_FAMILY = "1,2";
				TEST_HOST = "$(BUILT_PRODUCTS_DIR)/MYOpenGLDemo02.app/MYOpenGLDemo02";
			};
			name = Release;
		};
		F1C3B95F226C5289005D8BC0 /* Debug */ = {
			isa = XCBuildConfiguration;
			buildSettings = {
				ALWAYS_EMBED_SWIFT_STANDARD_LIBRARIES = YES;
				CODE_SIGN_STYLE = Automatic;
				DEVELOPMENT_TEAM = LHHY239973;
				INFOPLIST_FILE = MYOpenGLDemo02UITests/Info.plist;
				LD_RUNPATH_SEARCH_PATHS = (
					"$(inherited)",
					"@executable_path/Frameworks",
					"@loader_path/Frameworks",
				);
				PRODUCT_BUNDLE_IDENTIFIER = CA.MYOpenGLDemo02UITests;
				PRODUCT_NAME = "$(TARGET_NAME)";
				SWIFT_VERSION = 4.2;
				TARGETED_DEVICE_FAMILY = "1,2";
				TEST_TARGET_NAME = MYOpenGLDemo02;
			};
			name = Debug;
		};
		F1C3B960226C5289005D8BC0 /* Release */ = {
			isa = XCBuildConfiguration;
			buildSettings = {
				ALWAYS_EMBED_SWIFT_STANDARD_LIBRARIES = YES;
				CODE_SIGN_STYLE = Automatic;
				DEVELOPMENT_TEAM = LHHY239973;
				INFOPLIST_FILE = MYOpenGLDemo02UITests/Info.plist;
				LD_RUNPATH_SEARCH_PATHS = (
					"$(inherited)",
					"@executable_path/Frameworks",
					"@loader_path/Frameworks",
				);
				PRODUCT_BUNDLE_IDENTIFIER = CA.MYOpenGLDemo02UITests;
				PRODUCT_NAME = "$(TARGET_NAME)";
				SWIFT_VERSION = 4.2;
				TARGETED_DEVICE_FAMILY = "1,2";
				TEST_TARGET_NAME = MYOpenGLDemo02;
			};
			name = Release;
		};
/* End XCBuildConfiguration section */

/* Begin XCConfigurationList section */
		F1C3B92B226C5285005D8BC0 /* Build configuration list for PBXProject "MYOpenGLDemo02" */ = {
			isa = XCConfigurationList;
			buildConfigurations = (
				F1C3B956226C5289005D8BC0 /* Debug */,
				F1C3B957226C5289005D8BC0 /* Release */,
			);
			defaultConfigurationIsVisible = 0;
			defaultConfigurationName = Release;
		};
		F1C3B958226C5289005D8BC0 /* Build configuration list for PBXNativeTarget "MYOpenGLDemo02" */ = {
			isa = XCConfigurationList;
			buildConfigurations = (
				F1C3B959226C5289005D8BC0 /* Debug */,
				F1C3B95A226C5289005D8BC0 /* Release */,
			);
			defaultConfigurationIsVisible = 0;
			defaultConfigurationName = Release;
		};
		F1C3B95B226C5289005D8BC0 /* Build configuration list for PBXNativeTarget "MYOpenGLDemo02Tests" */ = {
			isa = XCConfigurationList;
			buildConfigurations = (
				F1C3B95C226C5289005D8BC0 /* Debug */,
				F1C3B95D226C5289005D8BC0 /* Release */,
			);
			defaultConfigurationIsVisible = 0;
			defaultConfigurationName = Release;
		};
		F1C3B95E226C5289005D8BC0 /* Build configuration list for PBXNativeTarget "MYOpenGLDemo02UITests" */ = {
			isa = XCConfigurationList;
			buildConfigurations = (
				F1C3B95F226C5289005D8BC0 /* Debug */,
				F1C3B960226C5289005D8BC0 /* Release */,
			);
			defaultConfigurationIsVisible = 0;
			defaultConfigurationName = Release;
		};
/* End XCConfigurationList section */
	};
	rootObject = F1C3B928226C5285005D8BC0 /* Project object */;
}
