// !$*UTF8*$!
{
	archiveVersion = 1;
	classes = {
	};
	objectVersion = 50;
	objects = {

/* Begin PBXBuildFile section */
		F1C3B972226D5934005D8BC0 /* AppDelegate.swift in Sources */ = {isa = PBXBuildFile; fileRef = F1C3B971226D5934005D8BC0 /* AppDelegate.swift */; };
		F1C3B974226D5934005D8BC0 /* ViewController.swift in Sources */ = {isa = PBXBuildFile; fileRef = F1C3B973226D5934005D8BC0 /* ViewController.swift */; };
		F1C3B977226D5934005D8BC0 /* Main.storyboard in Resources */ = {isa = PBXBuildFile; fileRef = F1C3B975226D5934005D8BC0 /* Main.storyboard */; };
		F1C3B979226D5936005D8BC0 /* Assets.xcassets in Resources */ = {isa = PBXBuildFile; fileRef = F1C3B978226D5936005D8BC0 /* Assets.xcassets */; };
		F1C3B97C226D5936005D8BC0 /* LaunchScreen.storyboard in Resources */ = {isa = PBXBuildFile; fileRef = F1C3B97A226D5936005D8BC0 /* LaunchScreen.storyboard */; };
		F1C3B987226D5937005D8BC0 /* MyOpenGLDemo01Tests.swift in Sources */ = {isa = PBXBuildFile; fileRef = F1C3B986226D5937005D8BC0 /* MyOpenGLDemo01Tests.swift */; };
		F1C3B992226D5937005D8BC0 /* MyOpenGLDemo01UITests.swift in Sources */ = {isa = PBXBuildFile; fileRef = F1C3B991226D5937005D8BC0 /* MyOpenGLDemo01UITests.swift */; };
/* End PBXBuildFile section */

/* Begin PBXContainerItemProxy section */
		F1C3B983226D5937005D8BC0 /* PBXContainerItemProxy */ = {
			isa = PBXContainerItemProxy;
			containerPortal = F1C3B966226D5934005D8BC0 /* Project object */;
			proxyType = 1;
			remoteGlobalIDString = F1C3B96D226D5934005D8BC0;
			remoteInfo = MyOpenGLDemo01;
		};
		F1C3B98E226D5937005D8BC0 /* PBXContainerItemProxy */ = {
			isa = PBXContainerItemProxy;
			containerPortal = F1C3B966226D5934005D8BC0 /* Project object */;
			proxyType = 1;
			remoteGlobalIDString = F1C3B96D226D5934005D8BC0;
			remoteInfo = MyOpenGLDemo01;
		};
/* End PBXContainerItemProxy section */

/* Begin PBXFileReference section */
		F1C3B96E226D5934005D8BC0 /* MyOpenGLDemo01.app */ = {isa = PBXFileReference; explicitFileType = wrapper.application; includeInIndex = 0; path = MyOpenGLDemo01.app; sourceTree = BUILT_PRODUCTS_DIR; };
		F1C3B971226D5934005D8BC0 /* AppDelegate.swift */ = {isa = PBXFileReference; lastKnownFileType = sourcecode.swift; path = AppDelegate.swift; sourceTree = "<group>"; };
		F1C3B973226D5934005D8BC0 /* ViewController.swift */ = {isa = PBXFileReference; lastKnownFileType = sourcecode.swift; path = ViewController.swift; sourceTree = "<group>"; };
		F1C3B976226D5934005D8BC0 /* Base */ = {isa = PBXFileReference; lastKnownFileType = file.storyboard; name = Base; path = Base.lproj/Main.storyboard; sourceTree = "<group>"; };
		F1C3B978226D5936005D8BC0 /* Assets.xcassets */ = {isa = PBXFileReference; lastKnownFileType = folder.assetcatalog; path = Assets.xcassets; sourceTree = "<group>"; };
		F1C3B97B226D5936005D8BC0 /* Base */ = {isa = PBXFileReference; lastKnownFileType = file.storyboard; name = Base; path = Base.lproj/LaunchScreen.storyboard; sourceTree = "<group>"; };
		F1C3B97D226D5936005D8BC0 /* Info.plist */ = {isa = PBXFileReference; lastKnownFileType = text.plist.xml; path = Info.plist; sourceTree = "<group>"; };
		F1C3B982226D5937005D8BC0 /* MyOpenGLDemo01Tests.xctest */ = {isa = PBXFileReference; explicitFileType = wrapper.cfbundle; includeInIndex = 0; path = MyOpenGLDemo01Tests.xctest; sourceTree = BUILT_PRODUCTS_DIR; };
		F1C3B986226D5937005D8BC0 /* MyOpenGLDemo01Tests.swift */ = {isa = PBXFileReference; lastKnownFileType = sourcecode.swift; path = MyOpenGLDemo01Tests.swift; sourceTree = "<group>"; };
		F1C3B988226D5937005D8BC0 /* Info.plist */ = {isa = PBXFileReference; lastKnownFileType = text.plist.xml; path = Info.plist; sourceTree = "<group>"; };
		F1C3B98D226D5937005D8BC0 /* MyOpenGLDemo01UITests.xctest */ = {isa = PBXFileReference; explicitFileType = wrapper.cfbundle; includeInIndex = 0; path = MyOpenGLDemo01UITests.xctest; sourceTree = BUILT_PRODUCTS_DIR; };
		F1C3B991226D5937005D8BC0 /* MyOpenGLDemo01UITests.swift */ = {isa = PBXFileReference; lastKnownFileType = sourcecode.swift; path = MyOpenGLDemo01UITests.swift; sourceTree = "<group>"; };
		F1C3B993226D5937005D8BC0 /* Info.plist */ = {isa = PBXFileReference; lastKnownFileType = text.plist.xml; path = Info.plist; sourceTree = "<group>"; };
/* End PBXFileReference section */

/* Begin PBXFrameworksBuildPhase section */
		F1C3B96B226D5934005D8BC0 /* Frameworks */ = {
			isa = PBXFrameworksBuildPhase;
			buildActionMask = 2147483647;
			files = (
			);
			runOnlyForDeploymentPostprocessing = 0;
		};
		F1C3B97F226D5937005D8BC0 /* Frameworks */ = {
			isa = PBXFrameworksBuildPhase;
			buildActionMask = 2147483647;
			files = (
			);
			runOnlyForDeploymentPostprocessing = 0;
		};
		F1C3B98A226D5937005D8BC0 /* Frameworks */ = {
			isa = PBXFrameworksBuildPhase;
			buildActionMask = 2147483647;
			files = (
			);
			runOnlyForDeploymentPostprocessing = 0;
		};
/* End PBXFrameworksBuildPhase section */

/* Begin PBXGroup section */
		F1C3B965226D5934005D8BC0 = {
			isa = PBXGroup;
			children = (
				F1C3B970226D5934005D8BC0 /* MyOpenGLDemo01 */,
				F1C3B985226D5937005D8BC0 /* MyOpenGLDemo01Tests */,
				F1C3B990226D5937005D8BC0 /* MyOpenGLDemo01UITests */,
				F1C3B96F226D5934005D8BC0 /* Products */,
			);
			sourceTree = "<group>";
		};
		F1C3B96F226D5934005D8BC0 /* Products */ = {
			isa = PBXGroup;
			children = (
				F1C3B96E226D5934005D8BC0 /* MyOpenGLDemo01.app */,
				F1C3B982226D5937005D8BC0 /* MyOpenGLDemo01Tests.xctest */,
				F1C3B98D226D5937005D8BC0 /* MyOpenGLDemo01UITests.xctest */,
			);
			name = Products;
			sourceTree = "<group>";
		};
		F1C3B970226D5934005D8BC0 /* MyOpenGLDemo01 */ = {
			isa = PBXGroup;
			children = (
				F1C3B971226D5934005D8BC0 /* AppDelegate.swift */,
				F1C3B973226D5934005D8BC0 /* ViewController.swift */,
				F1C3B975226D5934005D8BC0 /* Main.storyboard */,
				F1C3B978226D5936005D8BC0 /* Assets.xcassets */,
				F1C3B97A226D5936005D8BC0 /* LaunchScreen.storyboard */,
				F1C3B97D226D5936005D8BC0 /* Info.plist */,
			);
			path = MyOpenGLDemo01;
			sourceTree = "<group>";
		};
		F1C3B985226D5937005D8BC0 /* MyOpenGLDemo01Tests */ = {
			isa = PBXGroup;
			children = (
				F1C3B986226D5937005D8BC0 /* MyOpenGLDemo01Tests.swift */,
				F1C3B988226D5937005D8BC0 /* Info.plist */,
			);
			path = MyOpenGLDemo01Tests;
			sourceTree = "<group>";
		};
		F1C3B990226D5937005D8BC0 /* MyOpenGLDemo01UITests */ = {
			isa = PBXGroup;
			children = (
				F1C3B991226D5937005D8BC0 /* MyOpenGLDemo01UITests.swift */,
				F1C3B993226D5937005D8BC0 /* Info.plist */,
			);
			path = MyOpenGLDemo01UITests;
			sourceTree = "<group>";
		};
/* End PBXGroup section */

/* Begin PBXNativeTarget section */
		F1C3B96D226D5934005D8BC0 /* MyOpenGLDemo01 */ = {
			isa = PBXNativeTarget;
			buildConfigurationList = F1C3B996226D5937005D8BC0 /* Build configuration list for PBXNativeTarget "MyOpenGLDemo01" */;
			buildPhases = (
				F1C3B96A226D5934005D8BC0 /* Sources */,
				F1C3B96B226D5934005D8BC0 /* Frameworks */,
				F1C3B96C226D5934005D8BC0 /* Resources */,
			);
			buildRules = (
			);
			dependencies = (
			);
			name = MyOpenGLDemo01;
			productName = MyOpenGLDemo01;
			productReference = F1C3B96E226D5934005D8BC0 /* MyOpenGLDemo01.app */;
			productType = "com.apple.product-type.application";
		};
		F1C3B981226D5937005D8BC0 /* MyOpenGLDemo01Tests */ = {
			isa = PBXNativeTarget;
			buildConfigurationList = F1C3B999226D5937005D8BC0 /* Build configuration list for PBXNativeTarget "MyOpenGLDemo01Tests" */;
			buildPhases = (
				F1C3B97E226D5937005D8BC0 /* Sources */,
				F1C3B97F226D5937005D8BC0 /* Frameworks */,
				F1C3B980226D5937005D8BC0 /* Resources */,
			);
			buildRules = (
			);
			dependencies = (
				F1C3B984226D5937005D8BC0 /* PBXTargetDependency */,
			);
			name = MyOpenGLDemo01Tests;
			productName = MyOpenGLDemo01Tests;
			productReference = F1C3B982226D5937005D8BC0 /* MyOpenGLDemo01Tests.xctest */;
			productType = "com.apple.product-type.bundle.unit-test";
		};
		F1C3B98C226D5937005D8BC0 /* MyOpenGLDemo01UITests */ = {
			isa = PBXNativeTarget;
			buildConfigurationList = F1C3B99C226D5937005D8BC0 /* Build configuration list for PBXNativeTarget "MyOpenGLDemo01UITests" */;
			buildPhases = (
				F1C3B989226D5937005D8BC0 /* Sources */,
				F1C3B98A226D5937005D8BC0 /* Frameworks */,
				F1C3B98B226D5937005D8BC0 /* Resources */,
			);
			buildRules = (
			);
			dependencies = (
				F1C3B98F226D5937005D8BC0 /* PBXTargetDependency */,
			);
			name = MyOpenGLDemo01UITests;
			productName = MyOpenGLDemo01UITests;
			productReference = F1C3B98D226D5937005D8BC0 /* MyOpenGLDemo01UITests.xctest */;
			productType = "com.apple.product-type.bundle.ui-testing";
		};
/* End PBXNativeTarget section */

/* Begin PBXProject section */
		F1C3B966226D5934005D8BC0 /* Project object */ = {
			isa = PBXProject;
			attributes = {
				LastSwiftUpdateCheck = 1010;
				LastUpgradeCheck = 1010;
				ORGANIZATIONNAME = Carol;
				TargetAttributes = {
					F1C3B96D226D5934005D8BC0 = {
						CreatedOnToolsVersion = 10.1;
					};
					F1C3B981226D5937005D8BC0 = {
						CreatedOnToolsVersion = 10.1;
						TestTargetID = F1C3B96D226D5934005D8BC0;
					};
					F1C3B98C226D5937005D8BC0 = {
						CreatedOnToolsVersion = 10.1;
						TestTargetID = F1C3B96D226D5934005D8BC0;
					};
				};
			};
			buildConfigurationList = F1C3B969226D5934005D8BC0 /* Build configuration list for PBXProject "MyOpenGLDemo01" */;
			compatibilityVersion = "Xcode 9.3";
			developmentRegion = en;
			hasScannedForEncodings = 0;
			knownRegions = (
				en,
				Base,
			);
			mainGroup = F1C3B965226D5934005D8BC0;
			productRefGroup = F1C3B96F226D5934005D8BC0 /* Products */;
			projectDirPath = "";
			projectRoot = "";
			targets = (
				F1C3B96D226D5934005D8BC0 /* MyOpenGLDemo01 */,
				F1C3B981226D5937005D8BC0 /* MyOpenGLDemo01Tests */,
				F1C3B98C226D5937005D8BC0 /* MyOpenGLDemo01UITests */,
			);
		};
/* End PBXProject section */

/* Begin PBXResourcesBuildPhase section */
		F1C3B96C226D5934005D8BC0 /* Resources */ = {
			isa = PBXResourcesBuildPhase;
			buildActionMask = 2147483647;
			files = (
				F1C3B97C226D5936005D8BC0 /* LaunchScreen.storyboard in Resources */,
				F1C3B979226D5936005D8BC0 /* Assets.xcassets in Resources */,
				F1C3B977226D5934005D8BC0 /* Main.storyboard in Resources */,
			);
			runOnlyForDeploymentPostprocessing = 0;
		};
		F1C3B980226D5937005D8BC0 /* Resources */ = {
			isa = PBXResourcesBuildPhase;
			buildActionMask = 2147483647;
			files = (
			);
			runOnlyForDeploymentPostprocessing = 0;
		};
		F1C3B98B226D5937005D8BC0 /* Resources */ = {
			isa = PBXResourcesBuildPhase;
			buildActionMask = 2147483647;
			files = (
			);
			runOnlyForDeploymentPostprocessing = 0;
		};
/* End PBXResourcesBuildPhase section */

/* Begin PBXSourcesBuildPhase section */
		F1C3B96A226D5934005D8BC0 /* Sources */ = {
			isa = PBXSourcesBuildPhase;
			buildActionMask = 2147483647;
			files = (
				F1C3B974226D5934005D8BC0 /* ViewController.swift in Sources */,
				F1C3B972226D5934005D8BC0 /* AppDelegate.swift in Sources */,
			);
			runOnlyForDeploymentPostprocessing = 0;
		};
		F1C3B97E226D5937005D8BC0 /* Sources */ = {
			isa = PBXSourcesBuildPhase;
			buildActionMask = 2147483647;
			files = (
				F1C3B987226D5937005D8BC0 /* MyOpenGLDemo01Tests.swift in Sources */,
			);
			runOnlyForDeploymentPostprocessing = 0;
		};
		F1C3B989226D5937005D8BC0 /* Sources */ = {
			isa = PBXSourcesBuildPhase;
			buildActionMask = 2147483647;
			files = (
				F1C3B992226D5937005D8BC0 /* MyOpenGLDemo01UITests.swift in Sources */,
			);
			runOnlyForDeploymentPostprocessing = 0;
		};
/* End PBXSourcesBuildPhase section */

/* Begin PBXTargetDependency section */
		F1C3B984226D5937005D8BC0 /* PBXTargetDependency */ = {
			isa = PBXTargetDependency;
			target = F1C3B96D226D5934005D8BC0 /* MyOpenGLDemo01 */;
			targetProxy = F1C3B983226D5937005D8BC0 /* PBXContainerItemProxy */;
		};
		F1C3B98F226D5937005D8BC0 /* PBXTargetDependency */ = {
			isa = PBXTargetDependency;
			target = F1C3B96D226D5934005D8BC0 /* MyOpenGLDemo01 */;
			targetProxy = F1C3B98E226D5937005D8BC0 /* PBXContainerItemProxy */;
		};
/* End PBXTargetDependency section */

/* Begin PBXVariantGroup section */
		F1C3B975226D5934005D8BC0 /* Main.storyboard */ = {
			isa = PBXVariantGroup;
			children = (
				F1C3B976226D5934005D8BC0 /* Base */,
			);
			name = Main.storyboard;
			sourceTree = "<group>";
		};
		F1C3B97A226D5936005D8BC0 /* LaunchScreen.storyboard */ = {
			isa = PBXVariantGroup;
			children = (
				F1C3B97B226D5936005D8BC0 /* Base */,
			);
			name = LaunchScreen.storyboard;
			sourceTree = "<group>";
		};
/* End PBXVariantGroup section */

/* Begin XCBuildConfiguration section */
		F1C3B994226D5937005D8BC0 /* Debug */ = {
			isa = XCBuildConfiguration;
			buildSettings = {
				ALWAYS_SEARCH_USER_PATHS = NO;
				CLANG_ANALYZER_NONNULL = YES;
				CLANG_ANALYZER_NUMBER_OBJECT_CONVERSION = YES_AGGRESSIVE;
				CLANG_CXX_LANGUAGE_STANDARD = "gnu++14";
				CLANG_CXX_LIBRARY = "libc++";
				CLANG_ENABLE_MODULES = YES;
				CLANG_ENABLE_OBJC_ARC = YES;
				CLANG_ENABLE_OBJC_WEAK = YES;
				CLANG_WARN_BLOCK_CAPTURE_AUTORELEASING = YES;
				CLANG_WARN_BOOL_CONVERSION = YES;
				CLANG_WARN_COMMA = YES;
				CLANG_WARN_CONSTANT_CONVERSION = YES;
				CLANG_WARN_DEPRECATED_OBJC_IMPLEMENTATIONS = YES;
				CLANG_WARN_DIRECT_OBJC_ISA_USAGE = YES_ERROR;
				CLANG_WARN_DOCUMENTATION_COMMENTS = YES;
				CLANG_WARN_EMPTY_BODY = YES;
				CLANG_WARN_ENUM_CONVERSION = YES;
				CLANG_WARN_INFINITE_RECURSION = YES;
				CLANG_WARN_INT_CONVERSION = YES;
				CLANG_WARN_NON_LITERAL_NULL_CONVERSION = YES;
				CLANG_WARN_OBJC_IMPLICIT_RETAIN_SELF = YES;
				CLANG_WARN_OBJC_LITERAL_CONVERSION = YES;
				CLANG_WARN_OBJC_ROOT_CLASS = YES_ERROR;
				CLANG_WARN_RANGE_LOOP_ANALYSIS = YES;
				CLANG_WARN_STRICT_PROTOTYPES = YES;
				CLANG_WARN_SUSPICIOUS_MOVE = YES;
				CLANG_WARN_UNGUARDED_AVAILABILITY = YES_AGGRESSIVE;
				CLANG_WARN_UNREACHABLE_CODE = YES;
				CLANG_WARN__DUPLICATE_METHOD_MATCH = YES;
				CODE_SIGN_IDENTITY = "iPhone Developer";
				COPY_PHASE_STRIP = NO;
				DEBUG_INFORMATION_FORMAT = dwarf;
				ENABLE_STRICT_OBJC_MSGSEND = YES;
				ENABLE_TESTABILITY = YES;
				GCC_C_LANGUAGE_STANDARD = gnu11;
				GCC_DYNAMIC_NO_PIC = NO;
				GCC_NO_COMMON_BLOCKS = YES;
				GCC_OPTIMIZATION_LEVEL = 0;
				GCC_PREPROCESSOR_DEFINITIONS = (
					"DEBUG=1",
					"$(inherited)",
				);
				GCC_WARN_64_TO_32_BIT_CONVERSION = YES;
				GCC_WARN_ABOUT_RETURN_TYPE = YES_ERROR;
				GCC_WARN_UNDECLARED_SELECTOR = YES;
				GCC_WARN_UNINITIALIZED_AUTOS = YES_AGGRESSIVE;
				GCC_WARN_UNUSED_FUNCTION = YES;
				GCC_WARN_UNUSED_VARIABLE = YES;
				IPHONEOS_DEPLOYMENT_TARGET = 12.1;
				MTL_ENABLE_DEBUG_INFO = INCLUDE_SOURCE;
				MTL_FAST_MATH = YES;
				ONLY_ACTIVE_ARCH = YES;
				SDKROOT = iphoneos;
				SWIFT_ACTIVE_COMPILATION_CONDITIONS = DEBUG;
				SWIFT_OPTIMIZATION_LEVEL = "-Onone";
			};
			name = Debug;
		};
		F1C3B995226D5937005D8BC0 /* Release */ = {
			isa = XCBuildConfiguration;
			buildSettings = {
				ALWAYS_SEARCH_USER_PATHS = NO;
				CLANG_ANALYZER_NONNULL = YES;
				CLANG_ANALYZER_NUMBER_OBJECT_CONVERSION = YES_AGGRESSIVE;
				CLANG_CXX_LANGUAGE_STANDARD = "gnu++14";
				CLANG_CXX_LIBRARY = "libc++";
				CLANG_ENABLE_MODULES = YES;
				CLANG_ENABLE_OBJC_ARC = YES;
				CLANG_ENABLE_OBJC_WEAK = YES;
				CLANG_WARN_BLOCK_CAPTURE_AUTORELEASING = YES;
				CLANG_WARN_BOOL_CONVERSION = YES;
				CLANG_WARN_COMMA = YES;
				CLANG_WARN_CONSTANT_CONVERSION = YES;
				CLANG_WARN_DEPRECATED_OBJC_IMPLEMENTATIONS = YES;
				CLANG_WARN_DIRECT_OBJC_ISA_USAGE = YES_ERROR;
				CLANG_WARN_DOCUMENTATION_COMMENTS = YES;
				CLANG_WARN_EMPTY_BODY = YES;
				CLANG_WARN_ENUM_CONVERSION = YES;
				CLANG_WARN_INFINITE_RECURSION = YES;
				CLANG_WARN_INT_CONVERSION = YES;
				CLANG_WARN_NON_LITERAL_NULL_CONVERSION = YES;
				CLANG_WARN_OBJC_IMPLICIT_RETAIN_SELF = YES;
				CLANG_WARN_OBJC_LITERAL_CONVERSION = YES;
				CLANG_WARN_OBJC_ROOT_CLASS = YES_ERROR;
				CLANG_WARN_RANGE_LOOP_ANALYSIS = YES;
				CLANG_WARN_STRICT_PROTOTYPES = YES;
				CLANG_WARN_SUSPICIOUS_MOVE = YES;
				CLANG_WARN_UNGUARDED_AVAILABILITY = YES_AGGRESSIVE;
				CLANG_WARN_UNREACHABLE_CODE = YES;
				CLANG_WARN__DUPLICATE_METHOD_MATCH = YES;
				CODE_SIGN_IDENTITY = "iPhone Developer";
				COPY_PHASE_STRIP = NO;
				DEBUG_INFORMATION_FORMAT = "dwarf-with-dsym";
				ENABLE_NS_ASSERTIONS = NO;
				ENABLE_STRICT_OBJC_MSGSEND = YES;
				GCC_C_LANGUAGE_STANDARD = gnu11;
				GCC_NO_COMMON_BLOCKS = YES;
				GCC_WARN_64_TO_32_BIT_CONVERSION = YES;
				GCC_WARN_ABOUT_RETURN_TYPE = YES_ERROR;
				GCC_WARN_UNDECLARED_SELECTOR = YES;
				GCC_WARN_UNINITIALIZED_AUTOS = YES_AGGRESSIVE;
				GCC_WARN_UNUSED_FUNCTION = YES;
				GCC_WARN_UNUSED_VARIABLE = YES;
				IPHONEOS_DEPLOYMENT_TARGET = 12.1;
				MTL_ENABLE_DEBUG_INFO = NO;
				MTL_FAST_MATH = YES;
				SDKROOT = iphoneos;
				SWIFT_COMPILATION_MODE = wholemodule;
				SWIFT_OPTIMIZATION_LEVEL = "-O";
				VALIDATE_PRODUCT = YES;
			};
			name = Release;
		};
		F1C3B997226D5937005D8BC0 /* Debug */ = {
			isa = XCBuildConfiguration;
			buildSettings = {
				ASSETCATALOG_COMPILER_APPICON_NAME = AppIcon;
				CODE_SIGN_STYLE = Automatic;
				DEVELOPMENT_TEAM = LHHY239973;
				INFOPLIST_FILE = MyOpenGLDemo01/Info.plist;
				LD_RUNPATH_SEARCH_PATHS = (
					"$(inherited)",
					"@executable_path/Frameworks",
				);
				PRODUCT_BUNDLE_IDENTIFIER = CA.MyOpenGLDemo01;
				PRODUCT_NAME = "$(TARGET_NAME)";
				SWIFT_VERSION = 4.2;
				TARGETED_DEVICE_FAMILY = "1,2";
			};
			name = Debug;
		};
		F1C3B998226D5937005D8BC0 /* Release */ = {
			isa = XCBuildConfiguration;
			buildSettings = {
				ASSETCATALOG_COMPILER_APPICON_NAME = AppIcon;
				CODE_SIGN_STYLE = Automatic;
				DEVELOPMENT_TEAM = LHHY239973;
				INFOPLIST_FILE = MyOpenGLDemo01/Info.plist;
				LD_RUNPATH_SEARCH_PATHS = (
					"$(inherited)",
					"@executable_path/Frameworks",
				);
				PRODUCT_BUNDLE_IDENTIFIER = CA.MyOpenGLDemo01;
				PRODUCT_NAME = "$(TARGET_NAME)";
				SWIFT_VERSION = 4.2;
				TARGETED_DEVICE_FAMILY = "1,2";
			};
			name = Release;
		};
		F1C3B99A226D5937005D8BC0 /* Debug */ = {
			isa = XCBuildConfiguration;
			buildSettings = {
				ALWAYS_EMBED_SWIFT_STANDARD_LIBRARIES = YES;
				BUNDLE_LOADER = "$(TEST_HOST)";
				CODE_SIGN_STYLE = Automatic;
				DEVELOPMENT_TEAM = LHHY239973;
				INFOPLIST_FILE = MyOpenGLDemo01Tests/Info.plist;
				LD_RUNPATH_SEARCH_PATHS = (
					"$(inherited)",
					"@executable_path/Frameworks",
					"@loader_path/Frameworks",
				);
				PRODUCT_BUNDLE_IDENTIFIER = CA.MyOpenGLDemo01Tests;
				PRODUCT_NAME = "$(TARGET_NAME)";
				SWIFT_VERSION = 4.2;
				TARGETED_DEVICE_FAMILY = "1,2";
				TEST_HOST = "$(BUILT_PRODUCTS_DIR)/MyOpenGLDemo01.app/MyOpenGLDemo01";
			};
			name = Debug;
		};
		F1C3B99B226D5937005D8BC0 /* Release */ = {
			isa = XCBuildConfiguration;
			buildSettings = {
				ALWAYS_EMBED_SWIFT_STANDARD_LIBRARIES = YES;
				BUNDLE_LOADER = "$(TEST_HOST)";
				CODE_SIGN_STYLE = Automatic;
				DEVELOPMENT_TEAM = LHHY239973;
				INFOPLIST_FILE = MyOpenGLDemo01Tests/Info.plist;
				LD_RUNPATH_SEARCH_PATHS = (
					"$(inherited)",
					"@executable_path/Frameworks",
					"@loader_path/Frameworks",
				);
				PRODUCT_BUNDLE_IDENTIFIER = CA.MyOpenGLDemo01Tests;
				PRODUCT_NAME = "$(TARGET_NAME)";
				SWIFT_VERSION = 4.2;
				TARGETED_DEVICE_FAMILY = "1,2";
				TEST_HOST = "$(BUILT_PRODUCTS_DIR)/MyOpenGLDemo01.app/MyOpenGLDemo01";
			};
			name = Release;
		};
		F1C3B99D226D5937005D8BC0 /* Debug */ = {
			isa = XCBuildConfiguration;
			buildSettings = {
				ALWAYS_EMBED_SWIFT_STANDARD_LIBRARIES = YES;
				CODE_SIGN_STYLE = Automatic;
				DEVELOPMENT_TEAM = LHHY239973;
				INFOPLIST_FILE = MyOpenGLDemo01UITests/Info.plist;
				LD_RUNPATH_SEARCH_PATHS = (
					"$(inherited)",
					"@executable_path/Frameworks",
					"@loader_path/Frameworks",
				);
				PRODUCT_BUNDLE_IDENTIFIER = CA.MyOpenGLDemo01UITests;
				PRODUCT_NAME = "$(TARGET_NAME)";
				SWIFT_VERSION = 4.2;
				TARGETED_DEVICE_FAMILY = "1,2";
				TEST_TARGET_NAME = MyOpenGLDemo01;
			};
			name = Debug;
		};
		F1C3B99E226D5937005D8BC0 /* Release */ = {
			isa = XCBuildConfiguration;
			buildSettings = {
				ALWAYS_EMBED_SWIFT_STANDARD_LIBRARIES = YES;
				CODE_SIGN_STYLE = Automatic;
				DEVELOPMENT_TEAM = LHHY239973;
				INFOPLIST_FILE = MyOpenGLDemo01UITests/Info.plist;
				LD_RUNPATH_SEARCH_PATHS = (
					"$(inherited)",
					"@executable_path/Frameworks",
					"@loader_path/Frameworks",
				);
				PRODUCT_BUNDLE_IDENTIFIER = CA.MyOpenGLDemo01UITests;
				PRODUCT_NAME = "$(TARGET_NAME)";
				SWIFT_VERSION = 4.2;
				TARGETED_DEVICE_FAMILY = "1,2";
				TEST_TARGET_NAME = MyOpenGLDemo01;
			};
			name = Release;
		};
/* End XCBuildConfiguration section */

/* Begin XCConfigurationList section */
		F1C3B969226D5934005D8BC0 /* Build configuration list for PBXProject "MyOpenGLDemo01" */ = {
			isa = XCConfigurationList;
			buildConfigurations = (
				F1C3B994226D5937005D8BC0 /* Debug */,
				F1C3B995226D5937005D8BC0 /* Release */,
			);
			defaultConfigurationIsVisible = 0;
			defaultConfigurationName = Release;
		};
		F1C3B996226D5937005D8BC0 /* Build configuration list for PBXNativeTarget "MyOpenGLDemo01" */ = {
			isa = XCConfigurationList;
			buildConfigurations = (
				F1C3B997226D5937005D8BC0 /* Debug */,
				F1C3B998226D5937005D8BC0 /* Release */,
			);
			defaultConfigurationIsVisible = 0;
			defaultConfigurationName = Release;
		};
		F1C3B999226D5937005D8BC0 /* Build configuration list for PBXNativeTarget "MyOpenGLDemo01Tests" */ = {
			isa = XCConfigurationList;
			buildConfigurations = (
				F1C3B99A226D5937005D8BC0 /* Debug */,
				F1C3B99B226D5937005D8BC0 /* Release */,
			);
			defaultConfigurationIsVisible = 0;
			defaultConfigurationName = Release;
		};
		F1C3B99C226D5937005D8BC0 /* Build configuration list for PBXNativeTarget "MyOpenGLDemo01UITests" */ = {
			isa = XCConfigurationList;
			buildConfigurations = (
				F1C3B99D226D5937005D8BC0 /* Debug */,
				F1C3B99E226D5937005D8BC0 /* Release */,
			);
			defaultConfigurationIsVisible = 0;
			defaultConfigurationName = Release;
		};
/* End XCConfigurationList section */
	};
	rootObject = F1C3B966226D5934005D8BC0 /* Project object */;
}
